
Microsoft Visual Studio Solution File, Format Version 12.00
# Visual Studio Version 17
VisualStudioVersion = 17.5.33516.290
MinimumVisualStudioVersion = 10.0.40219.1
Project("{FAE04EC0-301F-11D3-BF4B-00C04F79EFBC}") = "CityDiscoverMovil.Android", "CityDiscoverMovil\CityDiscoverMovil.Android\CityDiscoverMovil.Android.csproj", "{589C4C28-D2E8-49F1-868D-07D256218E47}"
EndProject
Project("{FAE04EC0-301F-11D3-BF4B-00C04F79EFBC}") = "CityDiscoverMovil", "CityDiscoverMovil\CityDiscoverMovil\CityDiscoverMovil.csproj", "{F5DF99DE-75D7-4480-BDD1-1D6C98E7B514}"
EndProject
Global
	GlobalSection(SolutionConfigurationPlatforms) = preSolution
		Debug|Any CPU = Debug|Any CPU
		Release|Any CPU = Release|Any CPU
	EndGlobalSection
	GlobalSection(ProjectConfigurationPlatforms) = postSolution
		{589C4C28-D2E8-49F1-868D-07D256218E47}.Debug|Any CPU.ActiveCfg = Debug|Any CPU
		{589C4C28-D2E8-49F1-868D-07D256218E47}.Debug|Any CPU.Build.0 = Debug|Any CPU
		{589C4C28-D2E8-49F1-868D-07D256218E47}.Debug|Any CPU.Deploy.0 = Debug|Any CPU
		{589C4C28-D2E8-49F1-868D-07D256218E47}.Release|Any CPU.ActiveCfg = Release|Any CPU
		{589C4C28-D2E8-49F1-868D-07D256218E47}.Release|Any CPU.Build.0 = Release|Any CPU
		{589C4C28-D2E8-49F1-868D-07D256218E47}.Release|Any CPU.Deploy.0 = Release|Any CPU
		{F5DF99DE-75D7-4480-BDD1-1D6C98E7B514}.Debug|Any CPU.ActiveCfg = Debug|Any CPU
		{F5DF99DE-75D7-4480-BDD1-1D6C98E7B514}.Debug|Any CPU.Build.0 = Debug|Any CPU
		{F5DF99DE-75D7-4480-BDD1-1D6C98E7B514}.Debug|Any CPU.Deploy.0 = Debug|Any CPU
		{F5DF99DE-75D7-4480-BDD1-1D6C98E7B514}.Release|Any CPU.ActiveCfg = Release|Any CPU
		{F5DF99DE-75D7-4480-BDD1-1D6C98E7B514}.Release|Any CPU.Build.0 = Release|Any CPU
		{F5DF99DE-75D7-4480-BDD1-1D6C98E7B514}.Release|Any CPU.Deploy.0 = Release|Any CPU
	EndGlobalSection
	GlobalSection(SolutionProperties) = preSolution
		HideSolutionNode = FALSE
	EndGlobalSection
	GlobalSection(ExtensibilityGlobals) = postSolution
		SolutionGuid = {3DD06C04-08B8-466A-9CEF-7DDAB66B91E7}
	EndGlobalSection
EndGlobal
